
Microsoft Visual Studio Solution File, Format Version 12.00
# Visual Studio Version 17
VisualStudioVersion = 17.0.31903.59
MinimumVisualStudioVersion = 10.0.40219.1
Project("{2150E333-8FDC-42A3-9474-1A3956D46DE8}") = "src", "src", "{33A66B04-C0EC-44B4-B8A5-3AB581539338}"
EndProject
Project("{FAE04EC0-301F-11D3-BF4B-00C04F79EFBC}") = "lib", "src\lib\lib.csproj", "{925B9311-6BE3-438E-8CEE-1B43A1A3348A}"
EndProject
Project("{FAE04EC0-301F-11D3-BF4B-00C04F79EFBC}") = "emailer", "src\emailer\emailer.csproj", "{AD7AAB90-FBEC-4205-97BA-87A190B58B65}"
EndProject
Project("{FAE04EC0-301F-11D3-BF4B-00C04F79EFBC}") = "assistance-bot", "src\assistance-bot\assistance-bot.csproj", "{A384FC29-3FF7-4DA4-BB54-2AAA8E2E2915}"
EndProject
Project("{FAE04EC0-301F-11D3-BF4B-00C04F79EFBC}") = "feature", "src\feature\feature.csproj", "{54E05C32-8184-4BEC-8B36-B30F604E6207}"
EndProject
Project("{FAE04EC0-301F-11D3-BF4B-00C04F79EFBC}") = "fullfiller", "src\fullfiller\fullfiller.csproj", "{D72FD791-AD0D-430A-AD31-ECCA2059E6DF}"
EndProject
Project("{FAE04EC0-301F-11D3-BF4B-00C04F79EFBC}") = "crm-api", "src\crm-api\crm-api.csproj", "{F413EC19-27A5-42F5-9612-7FF07F79127C}"
EndProject
Project("{FAE04EC0-301F-11D3-BF4B-00C04F79EFBC}") = "crm", "src\crm\crm.csproj", "{E52F4D8D-67F9-49D2-A758-9389FD636006}"
EndProject
Project("{FAE04EC0-301F-11D3-BF4B-00C04F79EFBC}") = "auth", "src\auth\auth.csproj", "{9F7F6653-A7E6-4DF0-AF12-4C27F89B0CC5}"
EndProject
Project("{FAE04EC0-301F-11D3-BF4B-00C04F79EFBC}") = "ai", "src\ai\ai.csproj", "{1EA4ADB4-0900-4141-A310-86ADFF93B2C6}"
EndProject
Global
	GlobalSection(SolutionConfigurationPlatforms) = preSolution
		Debug|Any CPU = Debug|Any CPU
		Release|Any CPU = Release|Any CPU
	EndGlobalSection
	GlobalSection(SolutionProperties) = preSolution
		HideSolutionNode = FALSE
	EndGlobalSection
	GlobalSection(ProjectConfigurationPlatforms) = postSolution
		{925B9311-6BE3-438E-8CEE-1B43A1A3348A}.Debug|Any CPU.ActiveCfg = Debug|Any CPU
		{925B9311-6BE3-438E-8CEE-1B43A1A3348A}.Debug|Any CPU.Build.0 = Debug|Any CPU
		{925B9311-6BE3-438E-8CEE-1B43A1A3348A}.Release|Any CPU.ActiveCfg = Release|Any CPU
		{925B9311-6BE3-438E-8CEE-1B43A1A3348A}.Release|Any CPU.Build.0 = Release|Any CPU
		{AD7AAB90-FBEC-4205-97BA-87A190B58B65}.Debug|Any CPU.ActiveCfg = Debug|Any CPU
		{AD7AAB90-FBEC-4205-97BA-87A190B58B65}.Debug|Any CPU.Build.0 = Debug|Any CPU
		{AD7AAB90-FBEC-4205-97BA-87A190B58B65}.Release|Any CPU.ActiveCfg = Release|Any CPU
		{AD7AAB90-FBEC-4205-97BA-87A190B58B65}.Release|Any CPU.Build.0 = Release|Any CPU
		{A384FC29-3FF7-4DA4-BB54-2AAA8E2E2915}.Debug|Any CPU.ActiveCfg = Debug|Any CPU
		{A384FC29-3FF7-4DA4-BB54-2AAA8E2E2915}.Debug|Any CPU.Build.0 = Debug|Any CPU
		{A384FC29-3FF7-4DA4-BB54-2AAA8E2E2915}.Release|Any CPU.ActiveCfg = Release|Any CPU
		{A384FC29-3FF7-4DA4-BB54-2AAA8E2E2915}.Release|Any CPU.Build.0 = Release|Any CPU
		{54E05C32-8184-4BEC-8B36-B30F604E6207}.Debug|Any CPU.ActiveCfg = Debug|Any CPU
		{54E05C32-8184-4BEC-8B36-B30F604E6207}.Debug|Any CPU.Build.0 = Debug|Any CPU
		{54E05C32-8184-4BEC-8B36-B30F604E6207}.Release|Any CPU.ActiveCfg = Release|Any CPU
		{54E05C32-8184-4BEC-8B36-B30F604E6207}.Release|Any CPU.Build.0 = Release|Any CPU
		{D72FD791-AD0D-430A-AD31-ECCA2059E6DF}.Debug|Any CPU.ActiveCfg = Debug|Any CPU
		{D72FD791-AD0D-430A-AD31-ECCA2059E6DF}.Debug|Any CPU.Build.0 = Debug|Any CPU
		{D72FD791-AD0D-430A-AD31-ECCA2059E6DF}.Release|Any CPU.ActiveCfg = Release|Any CPU
		{D72FD791-AD0D-430A-AD31-ECCA2059E6DF}.Release|Any CPU.Build.0 = Release|Any CPU
		{F413EC19-27A5-42F5-9612-7FF07F79127C}.Debug|Any CPU.ActiveCfg = Debug|Any CPU
		{F413EC19-27A5-42F5-9612-7FF07F79127C}.Debug|Any CPU.Build.0 = Debug|Any CPU
		{F413EC19-27A5-42F5-9612-7FF07F79127C}.Release|Any CPU.ActiveCfg = Release|Any CPU
		{F413EC19-27A5-42F5-9612-7FF07F79127C}.Release|Any CPU.Build.0 = Release|Any CPU
		{E52F4D8D-67F9-49D2-A758-9389FD636006}.Debug|Any CPU.ActiveCfg = Debug|Any CPU
		{E52F4D8D-67F9-49D2-A758-9389FD636006}.Debug|Any CPU.Build.0 = Debug|Any CPU
		{E52F4D8D-67F9-49D2-A758-9389FD636006}.Release|Any CPU.ActiveCfg = Release|Any CPU
		{E52F4D8D-67F9-49D2-A758-9389FD636006}.Release|Any CPU.Build.0 = Release|Any CPU
		{9F7F6653-A7E6-4DF0-AF12-4C27F89B0CC5}.Debug|Any CPU.ActiveCfg = Debug|Any CPU
		{9F7F6653-A7E6-4DF0-AF12-4C27F89B0CC5}.Debug|Any CPU.Build.0 = Debug|Any CPU
		{9F7F6653-A7E6-4DF0-AF12-4C27F89B0CC5}.Release|Any CPU.ActiveCfg = Release|Any CPU
		{9F7F6653-A7E6-4DF0-AF12-4C27F89B0CC5}.Release|Any CPU.Build.0 = Release|Any CPU
		{1EA4ADB4-0900-4141-A310-86ADFF93B2C6}.Debug|Any CPU.ActiveCfg = Debug|Any CPU
		{1EA4ADB4-0900-4141-A310-86ADFF93B2C6}.Debug|Any CPU.Build.0 = Debug|Any CPU
		{1EA4ADB4-0900-4141-A310-86ADFF93B2C6}.Release|Any CPU.ActiveCfg = Release|Any CPU
		{1EA4ADB4-0900-4141-A310-86ADFF93B2C6}.Release|Any CPU.Build.0 = Release|Any CPU
	EndGlobalSection
	GlobalSection(NestedProjects) = preSolution
		{925B9311-6BE3-438E-8CEE-1B43A1A3348A} = {33A66B04-C0EC-44B4-B8A5-3AB581539338}
		{AD7AAB90-FBEC-4205-97BA-87A190B58B65} = {33A66B04-C0EC-44B4-B8A5-3AB581539338}
		{A384FC29-3FF7-4DA4-BB54-2AAA8E2E2915} = {33A66B04-C0EC-44B4-B8A5-3AB581539338}
		{54E05C32-8184-4BEC-8B36-B30F604E6207} = {33A66B04-C0EC-44B4-B8A5-3AB581539338}
		{D72FD791-AD0D-430A-AD31-ECCA2059E6DF} = {33A66B04-C0EC-44B4-B8A5-3AB581539338}
		{F413EC19-27A5-42F5-9612-7FF07F79127C} = {33A66B04-C0EC-44B4-B8A5-3AB581539338}
		{E52F4D8D-67F9-49D2-A758-9389FD636006} = {33A66B04-C0EC-44B4-B8A5-3AB581539338}
		{9F7F6653-A7E6-4DF0-AF12-4C27F89B0CC5} = {33A66B04-C0EC-44B4-B8A5-3AB581539338}
		{1EA4ADB4-0900-4141-A310-86ADFF93B2C6} = {33A66B04-C0EC-44B4-B8A5-3AB581539338}
	EndGlobalSection
EndGlobal
