
Microsoft Visual Studio Solution File, Format Version 12.00
# Visual Studio Version 17
VisualStudioVersion = 17.0.31903.59
MinimumVisualStudioVersion = 10.0.40219.1
Project("{2150E333-8FDC-42A3-9474-1A3956D46DE8}") = "src", "src", "{33A66B04-C0EC-44B4-B8A5-3AB581539338}"
EndProject
Project("{9A19103F-16F7-4668-BE54-9A1E7A4F7556}") = "portal", "src\portal\portal.csproj", "{99E8DCDC-EAC4-4035-B5AC-53E2814A8A88}"
EndProject
Project("{2150E333-8FDC-42A3-9474-1A3956D46DE8}") = "core", "core", "{176838A9-3937-4FD1-8A0B-9A4FA3A1B22E}"
EndProject
Project("{9A19103F-16F7-4668-BE54-9A1E7A4F7556}") = "ai", "src\core\ai\ai.csproj", "{95A617E5-9B6C-44DA-996B-0E10AA3BC406}"
EndProject
Project("{2150E333-8FDC-42A3-9474-1A3956D46DE8}") = "back", "back", "{1FBCF6F0-3A21-464C-B59D-B5551E5CBB9E}"
EndProject
Project("{9A19103F-16F7-4668-BE54-9A1E7A4F7556}") = "fullfiller", "src\back\fullfiller\fullfiller.csproj", "{D474FEDC-1563-41D5-A6EC-716949D3AD7C}"
EndProject
Project("{9A19103F-16F7-4668-BE54-9A1E7A4F7556}") = "crm-api", "src\back\crm-api\crm-api.csproj", "{D5795100-412D-4C59-90D9-E63F12C6F598}"
EndProject
Project("{9A19103F-16F7-4668-BE54-9A1E7A4F7556}") = "feature", "src\back\feature\feature.csproj", "{97F0C272-7E6F-44D5-BFBA-3D60DCF25592}"
EndProject
Project("{2150E333-8FDC-42A3-9474-1A3956D46DE8}") = "base", "base", "{576801E9-AF4D-44D6-A9E4-24C14EBD9DD4}"
EndProject
Project("{9A19103F-16F7-4668-BE54-9A1E7A4F7556}") = "emailer", "src\base\emailer\emailer.csproj", "{7BB917D3-DEDF-45A3-A48C-8CB59C236C34}"
EndProject
Project("{9A19103F-16F7-4668-BE54-9A1E7A4F7556}") = "assistance-bot", "src\base\assistance-bot\assistance-bot.csproj", "{B92557A4-1BF7-4854-AB47-9F256EF3916F}"
EndProject
Project("{2150E333-8FDC-42A3-9474-1A3956D46DE8}") = "lib", "lib", "{0F21EAE6-0F1F-400C-AC12-34ADF91C6003}"
EndProject
Project("{9A19103F-16F7-4668-BE54-9A1E7A4F7556}") = "chat-gpt", "src\lib\chat-gpt\chat-gpt.csproj", "{3F2EED32-BB4F-4E1F-AA30-399257961E28}"
EndProject
Project("{9A19103F-16F7-4668-BE54-9A1E7A4F7556}") = "common", "src\lib\common\common.csproj", "{225142A7-B5FC-4039-B451-96E7EEA4FFE8}"
EndProject
Project("{9A19103F-16F7-4668-BE54-9A1E7A4F7556}") = "auth", "src\back\auth\auth.csproj", "{9AF7FA48-D337-4251-9227-69B35DE19F07}"
EndProject
Global
	GlobalSection(SolutionConfigurationPlatforms) = preSolution
		Debug|Any CPU = Debug|Any CPU
		Release|Any CPU = Release|Any CPU
	EndGlobalSection
	GlobalSection(ProjectConfigurationPlatforms) = postSolution
		{99E8DCDC-EAC4-4035-B5AC-53E2814A8A88}.Debug|Any CPU.ActiveCfg = Debug|Any CPU
		{99E8DCDC-EAC4-4035-B5AC-53E2814A8A88}.Debug|Any CPU.Build.0 = Debug|Any CPU
		{99E8DCDC-EAC4-4035-B5AC-53E2814A8A88}.Release|Any CPU.ActiveCfg = Release|Any CPU
		{99E8DCDC-EAC4-4035-B5AC-53E2814A8A88}.Release|Any CPU.Build.0 = Release|Any CPU
		{95A617E5-9B6C-44DA-996B-0E10AA3BC406}.Debug|Any CPU.ActiveCfg = Debug|Any CPU
		{95A617E5-9B6C-44DA-996B-0E10AA3BC406}.Debug|Any CPU.Build.0 = Debug|Any CPU
		{95A617E5-9B6C-44DA-996B-0E10AA3BC406}.Release|Any CPU.ActiveCfg = Release|Any CPU
		{95A617E5-9B6C-44DA-996B-0E10AA3BC406}.Release|Any CPU.Build.0 = Release|Any CPU
		{D474FEDC-1563-41D5-A6EC-716949D3AD7C}.Debug|Any CPU.ActiveCfg = Debug|Any CPU
		{D474FEDC-1563-41D5-A6EC-716949D3AD7C}.Debug|Any CPU.Build.0 = Debug|Any CPU
		{D474FEDC-1563-41D5-A6EC-716949D3AD7C}.Release|Any CPU.ActiveCfg = Release|Any CPU
		{D474FEDC-1563-41D5-A6EC-716949D3AD7C}.Release|Any CPU.Build.0 = Release|Any CPU
		{D5795100-412D-4C59-90D9-E63F12C6F598}.Debug|Any CPU.ActiveCfg = Debug|Any CPU
		{D5795100-412D-4C59-90D9-E63F12C6F598}.Debug|Any CPU.Build.0 = Debug|Any CPU
		{D5795100-412D-4C59-90D9-E63F12C6F598}.Release|Any CPU.ActiveCfg = Release|Any CPU
		{D5795100-412D-4C59-90D9-E63F12C6F598}.Release|Any CPU.Build.0 = Release|Any CPU
		{97F0C272-7E6F-44D5-BFBA-3D60DCF25592}.Debug|Any CPU.ActiveCfg = Debug|Any CPU
		{97F0C272-7E6F-44D5-BFBA-3D60DCF25592}.Debug|Any CPU.Build.0 = Debug|Any CPU
		{97F0C272-7E6F-44D5-BFBA-3D60DCF25592}.Release|Any CPU.ActiveCfg = Release|Any CPU
		{97F0C272-7E6F-44D5-BFBA-3D60DCF25592}.Release|Any CPU.Build.0 = Release|Any CPU
		{7BB917D3-DEDF-45A3-A48C-8CB59C236C34}.Debug|Any CPU.ActiveCfg = Debug|Any CPU
		{7BB917D3-DEDF-45A3-A48C-8CB59C236C34}.Debug|Any CPU.Build.0 = Debug|Any CPU
		{7BB917D3-DEDF-45A3-A48C-8CB59C236C34}.Release|Any CPU.ActiveCfg = Release|Any CPU
		{7BB917D3-DEDF-45A3-A48C-8CB59C236C34}.Release|Any CPU.Build.0 = Release|Any CPU
		{B92557A4-1BF7-4854-AB47-9F256EF3916F}.Debug|Any CPU.ActiveCfg = Debug|Any CPU
		{B92557A4-1BF7-4854-AB47-9F256EF3916F}.Debug|Any CPU.Build.0 = Debug|Any CPU
		{B92557A4-1BF7-4854-AB47-9F256EF3916F}.Release|Any CPU.ActiveCfg = Release|Any CPU
		{B92557A4-1BF7-4854-AB47-9F256EF3916F}.Release|Any CPU.Build.0 = Release|Any CPU
		{3F2EED32-BB4F-4E1F-AA30-399257961E28}.Debug|Any CPU.ActiveCfg = Debug|Any CPU
		{3F2EED32-BB4F-4E1F-AA30-399257961E28}.Debug|Any CPU.Build.0 = Debug|Any CPU
		{3F2EED32-BB4F-4E1F-AA30-399257961E28}.Release|Any CPU.ActiveCfg = Release|Any CPU
		{3F2EED32-BB4F-4E1F-AA30-399257961E28}.Release|Any CPU.Build.0 = Release|Any CPU
		{225142A7-B5FC-4039-B451-96E7EEA4FFE8}.Debug|Any CPU.ActiveCfg = Debug|Any CPU
		{225142A7-B5FC-4039-B451-96E7EEA4FFE8}.Debug|Any CPU.Build.0 = Debug|Any CPU
		{225142A7-B5FC-4039-B451-96E7EEA4FFE8}.Release|Any CPU.ActiveCfg = Release|Any CPU
		{225142A7-B5FC-4039-B451-96E7EEA4FFE8}.Release|Any CPU.Build.0 = Release|Any CPU
		{9AF7FA48-D337-4251-9227-69B35DE19F07}.Debug|Any CPU.ActiveCfg = Debug|Any CPU
		{9AF7FA48-D337-4251-9227-69B35DE19F07}.Debug|Any CPU.Build.0 = Debug|Any CPU
		{9AF7FA48-D337-4251-9227-69B35DE19F07}.Release|Any CPU.ActiveCfg = Release|Any CPU
		{9AF7FA48-D337-4251-9227-69B35DE19F07}.Release|Any CPU.Build.0 = Release|Any CPU
	EndGlobalSection
	GlobalSection(SolutionProperties) = preSolution
		HideSolutionNode = FALSE
	EndGlobalSection
	GlobalSection(NestedProjects) = preSolution
		{99E8DCDC-EAC4-4035-B5AC-53E2814A8A88} = {33A66B04-C0EC-44B4-B8A5-3AB581539338}
		{176838A9-3937-4FD1-8A0B-9A4FA3A1B22E} = {33A66B04-C0EC-44B4-B8A5-3AB581539338}
		{95A617E5-9B6C-44DA-996B-0E10AA3BC406} = {176838A9-3937-4FD1-8A0B-9A4FA3A1B22E}
		{1FBCF6F0-3A21-464C-B59D-B5551E5CBB9E} = {33A66B04-C0EC-44B4-B8A5-3AB581539338}
		{D474FEDC-1563-41D5-A6EC-716949D3AD7C} = {1FBCF6F0-3A21-464C-B59D-B5551E5CBB9E}
		{D5795100-412D-4C59-90D9-E63F12C6F598} = {1FBCF6F0-3A21-464C-B59D-B5551E5CBB9E}
		{97F0C272-7E6F-44D5-BFBA-3D60DCF25592} = {1FBCF6F0-3A21-464C-B59D-B5551E5CBB9E}
		{576801E9-AF4D-44D6-A9E4-24C14EBD9DD4} = {33A66B04-C0EC-44B4-B8A5-3AB581539338}
		{7BB917D3-DEDF-45A3-A48C-8CB59C236C34} = {576801E9-AF4D-44D6-A9E4-24C14EBD9DD4}
		{B92557A4-1BF7-4854-AB47-9F256EF3916F} = {576801E9-AF4D-44D6-A9E4-24C14EBD9DD4}
		{0F21EAE6-0F1F-400C-AC12-34ADF91C6003} = {33A66B04-C0EC-44B4-B8A5-3AB581539338}
		{3F2EED32-BB4F-4E1F-AA30-399257961E28} = {0F21EAE6-0F1F-400C-AC12-34ADF91C6003}
		{225142A7-B5FC-4039-B451-96E7EEA4FFE8} = {0F21EAE6-0F1F-400C-AC12-34ADF91C6003}
		{9AF7FA48-D337-4251-9227-69B35DE19F07} = {576801E9-AF4D-44D6-A9E4-24C14EBD9DD4}
	EndGlobalSection
	GlobalSection(ExtensibilityGlobals) = postSolution
		SolutionGuid = {C5C345B6-8E0F-4245-A4E9-9555FD9C317A}
	EndGlobalSection
EndGlobal
